
Microsoft Visual Studio Solution File, Format Version 12.00
# Visual Studio Version 17
VisualStudioVersion = 17.6.33829.357
MinimumVisualStudioVersion = 10.0.40219.1
Project("{FAE04EC0-301F-11D3-BF4B-00C04F79EFBC}") = "ComputerStore", "ComputerStore.csproj", "{13A11DB6-10AF-4B22-A660-2AC2EE06A6E2}"
EndProject
Global
	GlobalSection(SolutionConfigurationPlatforms) = preSolution
		Debug|Any CPU = Debug|Any CPU
		Release|Any CPU = Release|Any CPU
	EndGlobalSection
	GlobalSection(ProjectConfigurationPlatforms) = postSolution
		{13A11DB6-10AF-4B22-A660-2AC2EE06A6E2}.Debug|Any CPU.ActiveCfg = Debug|Any CPU
		{13A11DB6-10AF-4B22-A660-2AC2EE06A6E2}.Debug|Any CPU.Build.0 = Debug|Any CPU
		{13A11DB6-10AF-4B22-A660-2AC2EE06A6E2}.Release|Any CPU.ActiveCfg = Release|Any CPU
		{13A11DB6-10AF-4B22-A660-2AC2EE06A6E2}.Release|Any CPU.Build.0 = Release|Any CPU
	EndGlobalSection
	GlobalSection(SolutionProperties) = preSolution
		HideSolutionNode = FALSE
	EndGlobalSection
	GlobalSection(ExtensibilityGlobals) = postSolution
		SolutionGuid = {BA7850D8-C202-44A4-AC0F-4D4BCAB298C9}
	EndGlobalSection
EndGlobal
